
Microsoft Visual Studio Solution File, Format Version 12.00
# Visual Studio Version 17
VisualStudioVersion = 17.4.32916.344
MinimumVisualStudioVersion = 10.0.40219.1
Project("{9A19103F-16F7-4668-BE54-9A1E7A4F7556}") = "UltimateConsoleApp", "UltimateConsoleApp\UltimateConsoleApp.csproj", "{7DDCDE12-3C6C-47DE-99A2-C94D07343D09}"
EndProject
Project("{FAE04EC0-301F-11D3-BF4B-00C04F79EFBC}") = "HelloWorldHelper", "HelloWorldHelper\HelloWorldHelper.csproj", "{2D550800-64DA-4AD9-8089-89026693B246}"
EndProject
Project("{FAE04EC0-301F-11D3-BF4B-00C04F79EFBC}") = "HelloWorldTest", "HelloWorldTest\HelloWorldTest.csproj", "{23D44066-2D35-465C-996D-7EB2490F9195}"
EndProject
Global
	GlobalSection(SolutionConfigurationPlatforms) = preSolution
		Debug|Any CPU = Debug|Any CPU
		Release|Any CPU = Release|Any CPU
	EndGlobalSection
	GlobalSection(ProjectConfigurationPlatforms) = postSolution
		{7DDCDE12-3C6C-47DE-99A2-C94D07343D09}.Debug|Any CPU.ActiveCfg = Debug|Any CPU
		{7DDCDE12-3C6C-47DE-99A2-C94D07343D09}.Debug|Any CPU.Build.0 = Debug|Any CPU
		{7DDCDE12-3C6C-47DE-99A2-C94D07343D09}.Release|Any CPU.ActiveCfg = Release|Any CPU
		{7DDCDE12-3C6C-47DE-99A2-C94D07343D09}.Release|Any CPU.Build.0 = Release|Any CPU
		{2D550800-64DA-4AD9-8089-89026693B246}.Debug|Any CPU.ActiveCfg = Debug|Any CPU
		{2D550800-64DA-4AD9-8089-89026693B246}.Debug|Any CPU.Build.0 = Debug|Any CPU
		{2D550800-64DA-4AD9-8089-89026693B246}.Release|Any CPU.ActiveCfg = Release|Any CPU
		{2D550800-64DA-4AD9-8089-89026693B246}.Release|Any CPU.Build.0 = Release|Any CPU
		{23D44066-2D35-465C-996D-7EB2490F9195}.Debug|Any CPU.ActiveCfg = Debug|Any CPU
		{23D44066-2D35-465C-996D-7EB2490F9195}.Debug|Any CPU.Build.0 = Debug|Any CPU
		{23D44066-2D35-465C-996D-7EB2490F9195}.Release|Any CPU.ActiveCfg = Release|Any CPU
		{23D44066-2D35-465C-996D-7EB2490F9195}.Release|Any CPU.Build.0 = Release|Any CPU
	EndGlobalSection
	GlobalSection(SolutionProperties) = preSolution
		HideSolutionNode = FALSE
	EndGlobalSection
	GlobalSection(ExtensibilityGlobals) = postSolution
		SolutionGuid = {441EDFB9-611D-415C-82CA-C02706E37CC5}
	EndGlobalSection
EndGlobal
